# THIS IS AN AUTOGENERATED FILE. DO NOT EDIT THIS FILE DIRECTLY.
# yarn lockfile v1


"@vant/weapp@1.10.14":
  version "1.10.14"
  resolved "https://registry.npmjs.org/@vant/weapp/-/weapp-1.10.14.tgz#b5f249097df1f1a7aa5c6602d8cad4afd397f934"
  integrity sha512-5usuhoN1kiOV6pzrdVzHrAux6DupKlGd9w+yYc992Zy1n1wHLZMb1dGM3+xtbNE3tpWE2qv95vIFSMpJRFyE7Q==
